#MicroXplorer Configuration settings - do not modify
ARM.CMSIS.5.6.0.CMSISJjCORE=true
ARM.CMSIS.5.6.0.CMSISJjCORE.apiComponent0=Device\:IRQ Controller
ARM.CMSIS.5.6.0.CMSISJjCORE.apiComponent1=Device\:OS Tick
ARM.CMSIS.5.6.0.CMSISJjCORE.apiComponent10=CMSIS Driver\:SAI
ARM.CMSIS.5.6.0.CMSISJjCORE.apiComponent11=CMSIS Driver\:I2C
ARM.CMSIS.5.6.0.CMSISJjCORE.apiComponent12=CMSIS Driver\:I2C
ARM.CMSIS.5.6.0.CMSISJjCORE.apiComponent13=CMSIS Driver\:CAN
ARM.CMSIS.5.6.0.CMSISJjCORE.apiComponent14=CMSIS Driver\:CAN
ARM.CMSIS.5.6.0.CMSISJjCORE.apiComponent15=CMSIS Driver\:Flash
ARM.CMSIS.5.6.0.CMSISJjCORE.apiComponent16=CMSIS Driver\:Flash
ARM.CMSIS.5.6.0.CMSISJjCORE.apiComponent17=CMSIS Driver\:MCI
ARM.CMSIS.5.6.0.CMSISJjCORE.apiComponent18=CMSIS Driver\:MCI
ARM.CMSIS.5.6.0.CMSISJjCORE.apiComponent19=CMSIS Driver\:NAND
ARM.CMSIS.5.6.0.CMSISJjCORE.apiComponent2=CMSIS\:RTOS
ARM.CMSIS.5.6.0.CMSISJjCORE.apiComponent20=CMSIS Driver\:NAND
ARM.CMSIS.5.6.0.CMSISJjCORE.apiComponent21=CMSIS Driver\:Ethernet
ARM.CMSIS.5.6.0.CMSISJjCORE.apiComponent22=CMSIS Driver\:Ethernet
ARM.CMSIS.5.6.0.CMSISJjCORE.apiComponent23=CMSIS Driver\:Ethernet
ARM.CMSIS.5.6.0.CMSISJjCORE.apiComponent24=CMSIS Driver\:Ethernet MAC
ARM.CMSIS.5.6.0.CMSISJjCORE.apiComponent25=CMSIS Driver\:Ethernet MAC
ARM.CMSIS.5.6.0.CMSISJjCORE.apiComponent26=CMSIS Driver\:Ethernet PHY
ARM.CMSIS.5.6.0.CMSISJjCORE.apiComponent27=CMSIS Driver\:Ethernet PHY
ARM.CMSIS.5.6.0.CMSISJjCORE.apiComponent28=CMSIS Driver\:USB Device
ARM.CMSIS.5.6.0.CMSISJjCORE.apiComponent29=CMSIS Driver\:USB Device
ARM.CMSIS.5.6.0.CMSISJjCORE.apiComponent3=CMSIS\:RTOS2
ARM.CMSIS.5.6.0.CMSISJjCORE.apiComponent30=CMSIS Driver\:USB Host
ARM.CMSIS.5.6.0.CMSISJjCORE.apiComponent31=CMSIS Driver\:USB Host
ARM.CMSIS.5.6.0.CMSISJjCORE.apiComponent32=CMSIS Driver\:WiFi
ARM.CMSIS.5.6.0.CMSISJjCORE.apiComponent33=CMSIS Driver\:WiFi
ARM.CMSIS.5.6.0.CMSISJjCORE.apiComponent4=CMSIS\:RTOS2
ARM.CMSIS.5.6.0.CMSISJjCORE.apiComponent5=CMSIS Driver\:USART
ARM.CMSIS.5.6.0.CMSISJjCORE.apiComponent6=CMSIS Driver\:USART
ARM.CMSIS.5.6.0.CMSISJjCORE.apiComponent7=CMSIS Driver\:SPI
ARM.CMSIS.5.6.0.CMSISJjCORE.apiComponent8=CMSIS Driver\:SPI
ARM.CMSIS.5.6.0.CMSISJjCORE.apiComponent9=CMSIS Driver\:SAI
ARM.CMSIS.5.6.0.CMSISJjCORE.apiDoc0=CMSIS/Core_A/Include/irq_ctrl.h
ARM.CMSIS.5.6.0.CMSISJjCORE.apiDoc1=CMSIS/RTOS2/Include/os_tick.h
ARM.CMSIS.5.6.0.CMSISJjCORE.apiDoc10=CMSIS/Driver/Include/Driver_SAI.h
ARM.CMSIS.5.6.0.CMSISJjCORE.apiDoc11=CMSIS/Documentation/Driver/html/group__i2c__interface__gr.html
ARM.CMSIS.5.6.0.CMSISJjCORE.apiDoc12=CMSIS/Driver/Include/Driver_I2C.h
ARM.CMSIS.5.6.0.CMSISJjCORE.apiDoc13=CMSIS/Documentation/Driver/html/group__can__interface__gr.html
ARM.CMSIS.5.6.0.CMSISJjCORE.apiDoc14=CMSIS/Driver/Include/Driver_CAN.h
ARM.CMSIS.5.6.0.CMSISJjCORE.apiDoc15=CMSIS/Documentation/Driver/html/group__flash__interface__gr.html
ARM.CMSIS.5.6.0.CMSISJjCORE.apiDoc16=CMSIS/Driver/Include/Driver_Flash.h
ARM.CMSIS.5.6.0.CMSISJjCORE.apiDoc17=CMSIS/Documentation/Driver/html/group__mci__interface__gr.html
ARM.CMSIS.5.6.0.CMSISJjCORE.apiDoc18=CMSIS/Driver/Include/Driver_MCI.h
ARM.CMSIS.5.6.0.CMSISJjCORE.apiDoc19=CMSIS/Documentation/Driver/html/group__nand__interface__gr.html
ARM.CMSIS.5.6.0.CMSISJjCORE.apiDoc2=CMSIS/Documentation/RTOS/html/index.html
ARM.CMSIS.5.6.0.CMSISJjCORE.apiDoc20=CMSIS/Driver/Include/Driver_NAND.h
ARM.CMSIS.5.6.0.CMSISJjCORE.apiDoc21=CMSIS/Documentation/Driver/html/group__eth__interface__gr.html
ARM.CMSIS.5.6.0.CMSISJjCORE.apiDoc22=CMSIS/Driver/Include/Driver_ETH_MAC.h
ARM.CMSIS.5.6.0.CMSISJjCORE.apiDoc23=CMSIS/Driver/Include/Driver_ETH_PHY.h
ARM.CMSIS.5.6.0.CMSISJjCORE.apiDoc24=CMSIS/Documentation/Driver/html/group__eth__mac__interface__gr.html
ARM.CMSIS.5.6.0.CMSISJjCORE.apiDoc25=CMSIS/Driver/Include/Driver_ETH_MAC.h
ARM.CMSIS.5.6.0.CMSISJjCORE.apiDoc26=CMSIS/Documentation/Driver/html/group__eth__phy__interface__gr.html
ARM.CMSIS.5.6.0.CMSISJjCORE.apiDoc27=CMSIS/Driver/Include/Driver_ETH_PHY.h
ARM.CMSIS.5.6.0.CMSISJjCORE.apiDoc28=CMSIS/Documentation/Driver/html/group__usbd__interface__gr.html
ARM.CMSIS.5.6.0.CMSISJjCORE.apiDoc29=CMSIS/Driver/Include/Driver_USBD.h
ARM.CMSIS.5.6.0.CMSISJjCORE.apiDoc3=CMSIS/Documentation/RTOS2/html/index.html
ARM.CMSIS.5.6.0.CMSISJjCORE.apiDoc30=CMSIS/Documentation/Driver/html/group__usbh__interface__gr.html
ARM.CMSIS.5.6.0.CMSISJjCORE.apiDoc31=CMSIS/Driver/Include/Driver_USBH.h
ARM.CMSIS.5.6.0.CMSISJjCORE.apiDoc32=CMSIS/Documentation/Driver/html/group__wifi__interface__gr.html
ARM.CMSIS.5.6.0.CMSISJjCORE.apiDoc33=CMSIS/Driver/Include/Driver_WiFi.h
ARM.CMSIS.5.6.0.CMSISJjCORE.apiDoc4=CMSIS/RTOS2/Include/cmsis_os2.h
ARM.CMSIS.5.6.0.CMSISJjCORE.apiDoc5=CMSIS/Documentation/Driver/html/group__usart__interface__gr.html
ARM.CMSIS.5.6.0.CMSISJjCORE.apiDoc6=CMSIS/Driver/Include/Driver_USART.h
ARM.CMSIS.5.6.0.CMSISJjCORE.apiDoc7=CMSIS/Documentation/Driver/html/group__spi__interface__gr.html
ARM.CMSIS.5.6.0.CMSISJjCORE.apiDoc8=CMSIS/Driver/Include/Driver_SPI.h
ARM.CMSIS.5.6.0.CMSISJjCORE.apiDoc9=CMSIS/Documentation/Driver/html/group__sai__interface__gr.html
ARM.CMSIS.5.6.0.CMSISJjCORE.cmp_version0=5.3.0
ARM.CMSIS.5.6.0.CMSISJjCORE.component0=CMSIS
ARM.CMSIS.5.6.0.CMSISJjCORE.componentDoc0=CMSIS/Documentation/Core/html/index.html
ARM.CMSIS.5.6.0.CMSISJjCORE.description0=CMSIS-CORE for Cortex-M, SC000, SC300, ARMv8-M, ARMv8.1-M
ARM.CMSIS.5.6.0.CMSISJjCORE.diagnostic0=This component should operate correctly.
ARM.CMSIS.5.6.0.CMSISJjCORE.group0=CORE
ARM.CMSIS.5.6.0.CMSISJjCORE.paramName0=CMSISJjCORE
ARM.CMSIS.5.6.0.CMSISJjCORE.sevirity0=none
ARM.CMSIS.5.6.0.CMSISJjCORE_Checked=true
ARM.CMSIS.5.6.0.CMSISJjCORE_apiSize=34
ARM.CMSIS.5.6.0.CMSISJjCORE_bundle=CMSIS
ARM.CMSIS.5.6.0.CMSISJjCORE_class=CMSIS
ARM.CMSIS.5.6.0.CMSISJjCORE_name=CMSIS
ARM.CMSIS.5.6.0.CMSISJjCORE_size=1
ARM.CMSIS.5.6.0.CMSISJjCORE_vendor=ARM
ARM.CMSIS.5.6.0.CMSISJjCORE_version=5.6.0
ARM.CMSIS.5.6.0.IPParameters=CMSISJjCORE
ARM.CMSIS.5.6.0_CMSISJjCORE_RteComponentsize=0
ARM.CMSIS.5.6.0_CMSISJjDSP_RteComponentsize=0
ARM.CMSIS.5.6.0_CMSISJjNNOoLib_RteComponentsize=0
ARM.CMSIS.5.6.0_CMSISJjRTOS2_RteComponentsize=0
ARM.CMSIS.5.6.0_CMSISJjRTOS_RteComponentsize=0
ARM.CMSIS.5.6.0_CMSISOoDriverJjCAN_RteComponentsize=0
ARM.CMSIS.5.6.0_CMSISOoDriverJjEthernetOoMAC_RteComponentsize=0
ARM.CMSIS.5.6.0_CMSISOoDriverJjEthernetOoPHY_RteComponentsize=0
ARM.CMSIS.5.6.0_CMSISOoDriverJjEthernet_RteComponentsize=0
ARM.CMSIS.5.6.0_CMSISOoDriverJjFlash_RteComponentsize=0
ARM.CMSIS.5.6.0_CMSISOoDriverJjI2C_RteComponentsize=0
ARM.CMSIS.5.6.0_CMSISOoDriverJjMCI_RteComponentsize=0
ARM.CMSIS.5.6.0_CMSISOoDriverJjNAND_RteComponentsize=0
ARM.CMSIS.5.6.0_CMSISOoDriverJjSAI_RteComponentsize=0
ARM.CMSIS.5.6.0_CMSISOoDriverJjSPI_RteComponentsize=0
ARM.CMSIS.5.6.0_CMSISOoDriverJjUSART_RteComponentsize=0
ARM.CMSIS.5.6.0_CMSISOoDriverJjUSBOoDevice_RteComponentsize=0
ARM.CMSIS.5.6.0_CMSISOoDriverJjUSBOoHost_RteComponentsize=0
ARM.CMSIS.5.6.0_CMSISOoDriverJjWiFi_RteComponentsize=0
ARM.CMSIS.5.6.0_DeviceJjIRQOoController_RteComponentsize=0
ARM.CMSIS.5.6.0_DeviceJjOSOoTick_RteComponentsize=0
ARM.CMSIS.5.6.0_DeviceJjStartup_RteComponentsize=0
ARM.CMSIS.5.6.0_SwParameter=CMSISJjCORE\:true;
ARM.CMSIS.5.6.0_description=CMSIS (Cortex Microcontroller Software Interface Standard)
ARM.CMSIS.5.6.0_license=
File.Version=6
KeepUserPlacement=false
Mcu.Family=STM32L0
Mcu.IP0=NVIC
Mcu.IP1=RCC
Mcu.IP2=RTC
Mcu.IP3=SPI1
Mcu.IP4=SYS
Mcu.IP5=TIM21
Mcu.IP6=USART1
Mcu.IP7=USART2
Mcu.IPNb=8
Mcu.Name=STM32L072C(B-Z)Yx
Mcu.Package=WLCSP49
Mcu.Pin0=PA15
Mcu.Pin1=PB3
Mcu.Pin10=PC14-OSC32_IN
Mcu.Pin11=PC15-OSC32_OUT
Mcu.Pin12=PB1
Mcu.Pin13=PA9
Mcu.Pin14=PA1
Mcu.Pin15=PC2
Mcu.Pin16=PA7
Mcu.Pin17=PA2
Mcu.Pin18=PB0
Mcu.Pin19=PA6
Mcu.Pin2=PA12
Mcu.Pin20=PA3
Mcu.Pin21=VP_RTC_VS_RTC_Activate
Mcu.Pin22=VP_RTC_VS_RTC_WakeUp_intern
Mcu.Pin23=VP_SYS_VS_Systick
Mcu.Pin24=VP_TIM21_VS_NoInput1
Mcu.Pin25=VP_ARM.CMSIS_VS_CMSISJjCORE_5.3.0
Mcu.Pin26=VP_ARM.CMSIS_VS_DeviceJjIRQOoController_1.0.1
Mcu.Pin27=VP_ARM.CMSIS_VS_DeviceJjOSOoTick_1.0.2
Mcu.Pin3=PA14
Mcu.Pin4=PB4
Mcu.Pin5=PC13
Mcu.Pin6=PA10
Mcu.Pin7=PA13
Mcu.Pin8=PC1
Mcu.Pin9=PC0
Mcu.PinsNb=28
Mcu.ThirdParty0=ARM.CMSIS.5.6.0
Mcu.ThirdPartyNb=1
Mcu.UserConstants=
Mcu.UserName=STM32L072CZYx
MxCube.Version=5.4.0
MxDb.Version=DB.5.0.40
NVIC.EXTI0_1_IRQn=true\:0\:0\:false\:false\:true\:true\:true
NVIC.EXTI4_15_IRQn=true\:0\:0\:false\:false\:true\:true\:true
NVIC.ForceEnableDMAVector=true
NVIC.HardFault_IRQn=true\:0\:0\:false\:false\:true\:false\:false
NVIC.NonMaskableInt_IRQn=true\:0\:0\:false\:false\:true\:false\:false
NVIC.PendSV_IRQn=true\:0\:0\:false\:false\:true\:false\:false
NVIC.RTC_IRQn=true\:0\:0\:false\:false\:true\:true\:true
NVIC.SVC_IRQn=true\:0\:0\:false\:false\:true\:false\:false
NVIC.SysTick_IRQn=true\:0\:0\:false\:false\:true\:false\:true
NVIC.USART2_IRQn=true\:0\:0\:false\:false\:true\:true\:true
PA1.GPIOParameters=GPIO_Speed,PinState,GPIO_Label
PA1.GPIO_Label=PA1_RESERVED
PA1.GPIO_Speed=GPIO_SPEED_FREQ_HIGH
PA1.Locked=true
PA1.PinState=GPIO_PIN_RESET
PA1.Signal=GPIO_Output
PA10.GPIOParameters=GPIO_Label
PA10.GPIO_Label=SENSOR_TX
PA10.Mode=Asynchronous
PA10.Signal=USART1_RX
PA12.GPIOParameters=GPIO_Speed,GPIO_Label
PA12.GPIO_Label=PA12_RESERVED
PA12.GPIO_Speed=GPIO_SPEED_FREQ_HIGH
PA12.Locked=true
PA12.Signal=GPIO_Output
PA13.Locked=true
PA13.Mode=Serial_Wire
PA13.Signal=SYS_SWDIO
PA14.Locked=true
PA14.Mode=Serial_Wire
PA14.Signal=SYS_SWCLK
PA15.GPIOParameters=GPIO_Speed,GPIO_Label
PA15.GPIO_Label=PA15_RESERVED
PA15.GPIO_Speed=GPIO_SPEED_FREQ_HIGH
PA15.Locked=true
PA15.Signal=GPIO_Output
PA2.GPIOParameters=GPIO_Label
PA2.GPIO_Label=STLINK_RX
PA2.Locked=true
PA2.Mode=Asynchronous
PA2.Signal=USART2_TX
PA3.GPIOParameters=GPIO_Label
PA3.GPIO_Label=STLINK_TX
PA3.Locked=true
PA3.Mode=Asynchronous
PA3.Signal=USART2_RX
PA6.GPIOParameters=GPIO_Label
PA6.GPIO_Label=PA6_RESERVED
PA6.Locked=true
PA6.Mode=Full_Duplex_Master
PA6.Signal=SPI1_MISO
PA7.GPIOParameters=GPIO_Label
PA7.GPIO_Label=PA7_RESERVED
PA7.Locked=true
PA7.Mode=Full_Duplex_Master
PA7.Signal=SPI1_MOSI
PA9.GPIOParameters=GPIO_Label
PA9.GPIO_Label=SENSOR_RX
PA9.Locked=true
PA9.Mode=Asynchronous
PA9.Signal=USART1_TX
PB0.GPIOParameters=GPIO_Label
PB0.GPIO_Label=PB0_RESERVED
PB0.Locked=true
PB0.Signal=GPXTI0
PB1.GPIOParameters=GPIO_Label
PB1.GPIO_Label=PB1_RESERVED
PB1.Locked=true
PB1.Signal=GPXTI1
PB3.GPIOParameters=GPIO_Label
PB3.GPIO_Label=PB3_RESERVED
PB3.Locked=true
PB3.Mode=Full_Duplex_Master
PB3.Signal=SPI1_SCK
PB4.GPIOParameters=GPIO_Label
PB4.GPIO_Label=PB4_RESERVED
PB4.Locked=true
PB4.Signal=GPXTI4
PC0.GPIOParameters=GPIO_Speed,GPIO_Label
PC0.GPIO_Label=PC0_RESERVED
PC0.GPIO_Speed=GPIO_SPEED_FREQ_HIGH
PC0.Locked=true
PC0.Signal=GPIO_Output
PC1.GPIOParameters=GPIO_Speed,GPIO_Label
PC1.GPIO_Label=PC1_RESERVED
PC1.GPIO_Speed=GPIO_SPEED_FREQ_HIGH
PC1.Locked=true
PC1.Signal=GPIO_Output
PC13.GPIOParameters=GPIO_Label
PC13.GPIO_Label=PC13_RESERVED
PC13.Locked=true
PC13.Signal=GPXTI13
PC14-OSC32_IN.Mode=LSE-External-Oscillator
PC14-OSC32_IN.Signal=RCC_OSC32_IN
PC15-OSC32_OUT.Mode=LSE-External-Oscillator
PC15-OSC32_OUT.Signal=RCC_OSC32_OUT
PC2.GPIOParameters=GPIO_Speed,GPIO_Label
PC2.GPIO_Label=PC2_RESERVED
PC2.GPIO_Speed=GPIO_SPEED_FREQ_HIGH
PC2.Locked=true
PC2.Signal=GPIO_Output
PCC.Checker=true
PCC.Line=STM32L0x2
PCC.MCU=STM32L072C(B-Z)Yx
PCC.PartNumber=STM32L072CZYx
PCC.Seq0=0
PCC.Series=STM32L0
PCC.Temperature=25
PCC.Vdd=3.0
PinOutPanel.CurrentBGAView=Top
PinOutPanel.RotationAngle=0
ProjectManager.AskForMigrate=true
ProjectManager.BackupPrevious=false
ProjectManager.CompilerOptimize=6
ProjectManager.ComputerToolchain=false
ProjectManager.CoupleFile=false
ProjectManager.CustomerFirmwarePackage=
ProjectManager.DefaultFWLocation=true
ProjectManager.DeletePrevious=true
ProjectManager.DeviceId=STM32L072CZYx
ProjectManager.FirmwarePackage=STM32Cube FW_L0 V1.11.2
ProjectManager.FreePins=false
ProjectManager.HalAssertFull=false
ProjectManager.HeapSize=0x200
ProjectManager.KeepUserCode=true
ProjectManager.LastFirmware=true
ProjectManager.LibraryCopy=1
ProjectManager.MainLocation=Core/Src
ProjectManager.NoMain=false
ProjectManager.PreviousToolchain=
ProjectManager.ProjectBuild=false
ProjectManager.ProjectFileName=homework-new.ioc
ProjectManager.ProjectName=homework-new
ProjectManager.StackSize=0x400
ProjectManager.TargetToolchain=STM32CubeIDE
ProjectManager.ToolChainLocation=
ProjectManager.UnderRoot=true
ProjectManager.functionlistsort=1-MX_GPIO_Init-GPIO-false-HAL-true,2-SystemClock_Config-RCC-false-HAL-false,3-MX_RTC_Init-RTC-false-HAL-true,4-MX_SPI1_Init-SPI1-false-HAL-true,5-MX_USART2_UART_Init-USART2-false-HAL-true,6-MX_TIM21_Init-TIM21-false-HAL-true,7-MX_USART1_UART_Init-USART1-false-HAL-true
RCC.48CLKFreq_Value=48000000
RCC.48RNGFreq_Value=48000000
RCC.48USBFreq_Value=48000000
RCC.AHBFreq_Value=32000000
RCC.APB1Freq_Value=32000000
RCC.APB1TimFreq_Value=32000000
RCC.APB2Freq_Value=32000000
RCC.APB2TimFreq_Value=32000000
RCC.FCLKCortexFreq_Value=32000000
RCC.FamilyName=M
RCC.HCLKFreq_Value=32000000
RCC.HSE_VALUE=8000000
RCC.HSI16_VALUE=16000000
RCC.HSI48_VALUE=48000000
RCC.HSI_VALUE=16000000
RCC.I2C1Freq_Value=32000000
RCC.I2C3Freq_Value=32000000
RCC.IPParameters=48CLKFreq_Value,48RNGFreq_Value,48USBFreq_Value,AHBFreq_Value,APB1Freq_Value,APB1TimFreq_Value,APB2Freq_Value,APB2TimFreq_Value,FCLKCortexFreq_Value,FamilyName,HCLKFreq_Value,HSE_VALUE,HSI16_VALUE,HSI48_VALUE,HSI_VALUE,I2C1Freq_Value,I2C3Freq_Value,LPTIMFreq_Value,LPUARTFreq_Value,LSI_VALUE,MCOPinFreq_Value,MSI_VALUE,PLLCLKFreq_Value,PLLDIV,PLLMUL,PWRFreq_Value,RTCClockSelection,RTCClockSelectionVirtual,RTCFreq_Value,RTCHSEDivFreq_Value,SYSCLKFreq_VALUE,SYSCLKSource,TIMFreq_Value,TimerFreq_Value,USART1Freq_Value,USART2Freq_Value,Usart2ClockSelection,VCOOutputFreq_Value,WatchDogFreq_Value
RCC.LPTIMFreq_Value=32000000
RCC.LPUARTFreq_Value=32000000
RCC.LSI_VALUE=37000
RCC.MCOPinFreq_Value=32000000
RCC.MSI_VALUE=2097000
RCC.PLLCLKFreq_Value=32000000
RCC.PLLDIV=RCC_PLLDIV_3
RCC.PLLMUL=RCC_PLLMUL_6
RCC.PWRFreq_Value=32000000
RCC.RTCClockSelection=RCC_RTCCLKSOURCE_LSE
RCC.RTCClockSelectionVirtual=RCC_RTCCLKSOURCE_LSE
RCC.RTCFreq_Value=32768
RCC.RTCHSEDivFreq_Value=4000000
RCC.SYSCLKFreq_VALUE=32000000
RCC.SYSCLKSource=RCC_SYSCLKSOURCE_PLLCLK
RCC.TIMFreq_Value=32000000
RCC.TimerFreq_Value=32000000
RCC.USART1Freq_Value=32000000
RCC.USART2Freq_Value=16000000
RCC.Usart2ClockSelection=RCC_USART2CLKSOURCE_HSI
RCC.VCOOutputFreq_Value=96000000
RCC.WatchDogFreq_Value=37000
RTC.AsynchPrediv=31
RTC.IPParameters=AsynchPrediv,SynchPrediv,WakeUpClock-WakeUp
RTC.SynchPrediv=1023
RTC.WakeUpClock-WakeUp=RTC_WAKEUPCLOCK_CK_SPRE_16BITS
SH.GPXTI0.0=GPIO_EXTI0
SH.GPXTI0.ConfNb=1
SH.GPXTI1.0=GPIO_EXTI1
SH.GPXTI1.ConfNb=1
SH.GPXTI13.0=GPIO_EXTI13
SH.GPXTI13.ConfNb=1
SH.GPXTI4.0=GPIO_EXTI4
SH.GPXTI4.ConfNb=1
SPI1.BaudRatePrescaler=SPI_BAUDRATEPRESCALER_32
SPI1.CalculateBaudRate=1000.0 KBits/s
SPI1.Direction=SPI_DIRECTION_2LINES
SPI1.IPParameters=VirtualType,Mode,Direction,CalculateBaudRate,BaudRatePrescaler
SPI1.Mode=SPI_MODE_MASTER
SPI1.VirtualType=VM_MASTER
TIM21.Channel-Input_Capture1_from_TI1_REMAP_TIM21=TIM_CHANNEL_1
TIM21.IPParameters=Channel-Input_Capture1_from_TI1_REMAP_TIM21,TIM21_TI1_REMAP
TIM21.TIM21_TI1_REMAP=TIM21_TI1_LSI
USART1.BaudRate=9600
USART1.IPParameters=VirtualMode-Asynchronous,BaudRate
USART1.VirtualMode-Asynchronous=VM_ASYNC
USART2.IPParameters=VirtualMode-Asynchronous
USART2.VirtualMode-Asynchronous=VM_ASYNC
VP_ARM.CMSIS_VS_CMSISJjCORE_5.3.0.Mode=CMSISJjCORE
VP_ARM.CMSIS_VS_CMSISJjCORE_5.3.0.Signal=ARM.CMSIS_VS_CMSISJjCORE_5.3.0
VP_ARM.CMSIS_VS_DeviceJjIRQOoController_1.0.1.Mode=DeviceJjIRQOoController
VP_ARM.CMSIS_VS_DeviceJjIRQOoController_1.0.1.Signal=ARM.CMSIS_VS_DeviceJjIRQOoController_1.0.1
VP_ARM.CMSIS_VS_DeviceJjOSOoTick_1.0.2.Mode=DeviceJjOSOoTick
VP_ARM.CMSIS_VS_DeviceJjOSOoTick_1.0.2.Signal=ARM.CMSIS_VS_DeviceJjOSOoTick_1.0.2
VP_RTC_VS_RTC_Activate.Mode=RTC_Enabled
VP_RTC_VS_RTC_Activate.Signal=RTC_VS_RTC_Activate
VP_RTC_VS_RTC_WakeUp_intern.Mode=WakeUp
VP_RTC_VS_RTC_WakeUp_intern.Signal=RTC_VS_RTC_WakeUp_intern
VP_SYS_VS_Systick.Mode=SysTick
VP_SYS_VS_Systick.Signal=SYS_VS_Systick
VP_TIM21_VS_NoInput1.Mode=Input_Capture1_from_TI1_REMAP_TIM21
VP_TIM21_VS_NoInput1.Signal=TIM21_VS_NoInput1
board=B-L072Z-LRWAN1
boardIOC=true
isbadioc=false
